
Microsoft Visual Studio Solution File, Format Version 12.00
# Visual Studio 14
VisualStudioVersion = 14.0.24720.0
MinimumVisualStudioVersion = 10.0.40219.1
Project("{FAE04EC0-301F-11D3-BF4B-00C04F79EFBC}") = "DonotWasteTime.BLL", "DonotWasteTime.BLL\DonotWasteTime.BLL.csproj", "{273FCD25-9AAA-4224-A38F-C4782BC7A926}"
EndProject
Project("{FAE04EC0-301F-11D3-BF4B-00C04F79EFBC}") = "DonotWasteTime", "DonotWasteTime\DonotWasteTime.csproj", "{37538A8D-15A6-4F90-827B-F95620A534B2}"
EndProject
Global
	GlobalSection(SolutionConfigurationPlatforms) = preSolution
		Debug|Any CPU = Debug|Any CPU
		Release|Any CPU = Release|Any CPU
	EndGlobalSection
	GlobalSection(ProjectConfigurationPlatforms) = postSolution
		{273FCD25-9AAA-4224-A38F-C4782BC7A926}.Debug|Any CPU.ActiveCfg = Debug|Any CPU
		{273FCD25-9AAA-4224-A38F-C4782BC7A926}.Debug|Any CPU.Build.0 = Debug|Any CPU
		{273FCD25-9AAA-4224-A38F-C4782BC7A926}.Release|Any CPU.ActiveCfg = Release|Any CPU
		{273FCD25-9AAA-4224-A38F-C4782BC7A926}.Release|Any CPU.Build.0 = Release|Any CPU
		{37538A8D-15A6-4F90-827B-F95620A534B2}.Debug|Any CPU.ActiveCfg = Debug|Any CPU
		{37538A8D-15A6-4F90-827B-F95620A534B2}.Debug|Any CPU.Build.0 = Debug|Any CPU
		{37538A8D-15A6-4F90-827B-F95620A534B2}.Release|Any CPU.ActiveCfg = Release|Any CPU
		{37538A8D-15A6-4F90-827B-F95620A534B2}.Release|Any CPU.Build.0 = Release|Any CPU
	EndGlobalSection
	GlobalSection(SolutionProperties) = preSolution
		HideSolutionNode = FALSE
	EndGlobalSection
EndGlobal
